go.unistack.org/micro/v4 v4.0.1 h1:xo1IxbVfgh8i0eY0VeYa3cbb13u5n/Mxnp3FOgWD4Jo=
go.unistack.org/micro/v4 v4.0.1/go.mod h1:p/J5UcSJjfHsWGT31uKoghQ5rUQZzQJBAFy+Z4+ZVMs=
go.unistack.org/micro/v4 v4.0.7 h1:2lwtZlHcSwgkahhFbkI4x1lOS79lw8uLHtcEhlFF+AM=
go.unistack.org/micro/v4 v4.0.7/go.mod h1:bVEYTlPi0EsdgZZt311bIroDg9ict7ky3C87dSCCAGk=
